
Microsoft Visual Studio Solution File, Format Version 12.00
# Visual Studio Version 17
VisualStudioVersion = 17.4.33110.190
MinimumVisualStudioVersion = 10.0.40219.1
Project("{FAE04EC0-301F-11D3-BF4B-00C04F79EFBC}") = "UC8_EmpWages", "UC8_EmpWages.csproj", "{F7148253-D14D-4B82-85EF-828169F3FF97}"
EndProject
Global
	GlobalSection(SolutionConfigurationPlatforms) = preSolution
		Debug|Any CPU = Debug|Any CPU
		Release|Any CPU = Release|Any CPU
	EndGlobalSection
	GlobalSection(ProjectConfigurationPlatforms) = postSolution
		{F7148253-D14D-4B82-85EF-828169F3FF97}.Debug|Any CPU.ActiveCfg = Debug|Any CPU
		{F7148253-D14D-4B82-85EF-828169F3FF97}.Debug|Any CPU.Build.0 = Debug|Any CPU
		{F7148253-D14D-4B82-85EF-828169F3FF97}.Release|Any CPU.ActiveCfg = Release|Any CPU
		{F7148253-D14D-4B82-85EF-828169F3FF97}.Release|Any CPU.Build.0 = Release|Any CPU
	EndGlobalSection
	GlobalSection(SolutionProperties) = preSolution
		HideSolutionNode = FALSE
	EndGlobalSection
	GlobalSection(ExtensibilityGlobals) = postSolution
		SolutionGuid = {773D5334-844B-43C5-8075-6A326267D664}
	EndGlobalSection
EndGlobal
