
Microsoft Visual Studio Solution File, Format Version 12.00
# Visual Studio Version 17
VisualStudioVersion = 17.4.33110.190
MinimumVisualStudioVersion = 10.0.40219.1
Project("{FAE04EC0-301F-11D3-BF4B-00C04F79EFBC}") = "UC5_EmpWages", "UC5_EmpWages.csproj", "{EBAC2D89-FCA5-45ED-8E98-F9FD78116E7A}"
EndProject
Global
	GlobalSection(SolutionConfigurationPlatforms) = preSolution
		Debug|Any CPU = Debug|Any CPU
		Release|Any CPU = Release|Any CPU
	EndGlobalSection
	GlobalSection(ProjectConfigurationPlatforms) = postSolution
		{EBAC2D89-FCA5-45ED-8E98-F9FD78116E7A}.Debug|Any CPU.ActiveCfg = Debug|Any CPU
		{EBAC2D89-FCA5-45ED-8E98-F9FD78116E7A}.Debug|Any CPU.Build.0 = Debug|Any CPU
		{EBAC2D89-FCA5-45ED-8E98-F9FD78116E7A}.Release|Any CPU.ActiveCfg = Release|Any CPU
		{EBAC2D89-FCA5-45ED-8E98-F9FD78116E7A}.Release|Any CPU.Build.0 = Release|Any CPU
	EndGlobalSection
	GlobalSection(SolutionProperties) = preSolution
		HideSolutionNode = FALSE
	EndGlobalSection
	GlobalSection(ExtensibilityGlobals) = postSolution
		SolutionGuid = {CB531FFE-367D-42C6-8627-079E53DA42A2}
	EndGlobalSection
EndGlobal
