
Microsoft Visual Studio Solution File, Format Version 12.00
# Visual Studio Version 17
VisualStudioVersion = 17.4.33110.190
MinimumVisualStudioVersion = 10.0.40219.1
Project("{FAE04EC0-301F-11D3-BF4B-00C04F79EFBC}") = "UC4_EmpWages", "UC4_EmpWages.csproj", "{0BDF4C05-D869-4FE7-A3E5-0D4C2A188DF7}"
EndProject
Global
	GlobalSection(SolutionConfigurationPlatforms) = preSolution
		Debug|Any CPU = Debug|Any CPU
		Release|Any CPU = Release|Any CPU
	EndGlobalSection
	GlobalSection(ProjectConfigurationPlatforms) = postSolution
		{0BDF4C05-D869-4FE7-A3E5-0D4C2A188DF7}.Debug|Any CPU.ActiveCfg = Debug|Any CPU
		{0BDF4C05-D869-4FE7-A3E5-0D4C2A188DF7}.Debug|Any CPU.Build.0 = Debug|Any CPU
		{0BDF4C05-D869-4FE7-A3E5-0D4C2A188DF7}.Release|Any CPU.ActiveCfg = Release|Any CPU
		{0BDF4C05-D869-4FE7-A3E5-0D4C2A188DF7}.Release|Any CPU.Build.0 = Release|Any CPU
	EndGlobalSection
	GlobalSection(SolutionProperties) = preSolution
		HideSolutionNode = FALSE
	EndGlobalSection
	GlobalSection(ExtensibilityGlobals) = postSolution
		SolutionGuid = {19D4414C-30B7-4CC6-A87D-9BBEBDC57507}
	EndGlobalSection
EndGlobal
